
Microsoft Visual Studio Solution File, Format Version 12.00
# Visual Studio Version 17
VisualStudioVersion = 17.7.34031.279
MinimumVisualStudioVersion = 10.0.40219.1
Project("{E24C65DC-7377-472B-9ABA-BC803B73C61A}") = "RWA-HIS", ".", "{4094F49A-80B2-4DAB-B243-6284F45E2B51}"
	ProjectSection(WebsiteProperties) = preProject
		TargetFrameworkMoniker = ".NETFramework,Version%3Dv4.8.1"
		Debug.AspNetCompiler.VirtualPath = "/localhost_62322"
		Debug.AspNetCompiler.PhysicalPath = "..\RWA-HIS\"
		Debug.AspNetCompiler.TargetPath = "PrecompiledWeb\localhost_62322\"
		Debug.AspNetCompiler.Updateable = "true"
		Debug.AspNetCompiler.ForceOverwrite = "true"
		Debug.AspNetCompiler.FixedNames = "false"
		Debug.AspNetCompiler.Debug = "True"
		Release.AspNetCompiler.VirtualPath = "/localhost_62322"
		Release.AspNetCompiler.PhysicalPath = "..\RWA-HIS\"
		Release.AspNetCompiler.TargetPath = "PrecompiledWeb\localhost_62322\"
		Release.AspNetCompiler.Updateable = "true"
		Release.AspNetCompiler.ForceOverwrite = "true"
		Release.AspNetCompiler.FixedNames = "false"
		Release.AspNetCompiler.Debug = "False"
		VWDPort = "62322"
		SlnRelativePath = "..\RWA-HIS\"
		DefaultWebSiteLanguage = "Visual C#"
	EndProjectSection
EndProject
Global
	GlobalSection(SolutionConfigurationPlatforms) = preSolution
		Debug|Any CPU = Debug|Any CPU
	EndGlobalSection
	GlobalSection(ProjectConfigurationPlatforms) = postSolution
		{4094F49A-80B2-4DAB-B243-6284F45E2B51}.Debug|Any CPU.ActiveCfg = Debug|Any CPU
		{4094F49A-80B2-4DAB-B243-6284F45E2B51}.Debug|Any CPU.Build.0 = Debug|Any CPU
	EndGlobalSection
	GlobalSection(SolutionProperties) = preSolution
		HideSolutionNode = FALSE
	EndGlobalSection
	GlobalSection(ExtensibilityGlobals) = postSolution
		SolutionGuid = {41424F65-2177-443A-80CD-5B53E779434A}
	EndGlobalSection
EndGlobal
